
Microsoft Visual Studio Solution File, Format Version 12.00
# Visual Studio Version 16
VisualStudioVersion = 16.0.31205.134
MinimumVisualStudioVersion = 10.0.40219.1
Project("{FAE04EC0-301F-11D3-BF4B-00C04F79EFBC}") = "IsTakipYazilimi_GYG", "..\IsTakipYazilimi_GYG\IsTakipYazilimi_GYG.csproj", "{549D00C3-95E8-437A-8EA1-007957F796D9}"
EndProject
Global
	GlobalSection(SolutionConfigurationPlatforms) = preSolution
		Debug|Any CPU = Debug|Any CPU
		Release|Any CPU = Release|Any CPU
	EndGlobalSection
	GlobalSection(ProjectConfigurationPlatforms) = postSolution
		{549D00C3-95E8-437A-8EA1-007957F796D9}.Debug|Any CPU.ActiveCfg = Debug|Any CPU
		{549D00C3-95E8-437A-8EA1-007957F796D9}.Debug|Any CPU.Build.0 = Debug|Any CPU
		{549D00C3-95E8-437A-8EA1-007957F796D9}.Release|Any CPU.ActiveCfg = Release|Any CPU
		{549D00C3-95E8-437A-8EA1-007957F796D9}.Release|Any CPU.Build.0 = Release|Any CPU
	EndGlobalSection
	GlobalSection(SolutionProperties) = preSolution
		HideSolutionNode = FALSE
	EndGlobalSection
	GlobalSection(ExtensibilityGlobals) = postSolution
		SolutionGuid = {15EDA236-2F86-4B64-8AA1-AEDFAAD58A1D}
	EndGlobalSection
EndGlobal
